
Microsoft Visual Studio Solution File, Format Version 12.00
# Visual Studio Version 17
VisualStudioVersion = 17.9.34701.34
MinimumVisualStudioVersion = 10.0.40219.1
Project("{FAE04EC0-301F-11D3-BF4B-00C04F79EFBC}") = "Mathematics.ConsoleApp", "Mathematics.ConsoleApp\Mathematics.ConsoleApp.csproj", "{1F9E7F35-6249-4CCA-A892-1558A547B4DC}"
EndProject
Project("{FAE04EC0-301F-11D3-BF4B-00C04F79EFBC}") = "Mathematics.Test", "Mathematics.Test\Mathematics.Test.csproj", "{E5A4B680-3742-4EFA-8520-12C503013AD8}"
EndProject
Global
	GlobalSection(SolutionConfigurationPlatforms) = preSolution
		Debug|Any CPU = Debug|Any CPU
		Release|Any CPU = Release|Any CPU
	EndGlobalSection
	GlobalSection(ProjectConfigurationPlatforms) = postSolution
		{1F9E7F35-6249-4CCA-A892-1558A547B4DC}.Debug|Any CPU.ActiveCfg = Debug|Any CPU
		{1F9E7F35-6249-4CCA-A892-1558A547B4DC}.Debug|Any CPU.Build.0 = Debug|Any CPU
		{1F9E7F35-6249-4CCA-A892-1558A547B4DC}.Release|Any CPU.ActiveCfg = Release|Any CPU
		{1F9E7F35-6249-4CCA-A892-1558A547B4DC}.Release|Any CPU.Build.0 = Release|Any CPU
		{E5A4B680-3742-4EFA-8520-12C503013AD8}.Debug|Any CPU.ActiveCfg = Debug|Any CPU
		{E5A4B680-3742-4EFA-8520-12C503013AD8}.Debug|Any CPU.Build.0 = Debug|Any CPU
		{E5A4B680-3742-4EFA-8520-12C503013AD8}.Release|Any CPU.ActiveCfg = Release|Any CPU
		{E5A4B680-3742-4EFA-8520-12C503013AD8}.Release|Any CPU.Build.0 = Release|Any CPU
	EndGlobalSection
	GlobalSection(SolutionProperties) = preSolution
		HideSolutionNode = FALSE
	EndGlobalSection
	GlobalSection(ExtensibilityGlobals) = postSolution
		SolutionGuid = {0BD480F3-7C1E-4992-9D18-36645A7D9E2D}
	EndGlobalSection
EndGlobal
